
Microsoft Visual Studio Solution File, Format Version 12.00
# Visual Studio Version 17
VisualStudioVersion = 17.6.33712.159
MinimumVisualStudioVersion = 10.0.40219.1
Project("{9A19103F-16F7-4668-BE54-9A1E7A4F7556}") = "ToDoList.API", "ToDoList.API\ToDoList.API.csproj", "{491F3C1B-8BF7-49EB-96AB-24BDEDCC82B4}"
EndProject
Project("{FAE04EC0-301F-11D3-BF4B-00C04F79EFBC}") = "ToDoList.Domain", "ToDoList.Domain\ToDoList.Domain.csproj", "{0C62C4D4-E716-4B86-95D9-25925BC9A89D}"
EndProject
Project("{FAE04EC0-301F-11D3-BF4B-00C04F79EFBC}") = "ToDoList.DAL", "ToDoList.DAL\ToDoList.DAL.csproj", "{94483A20-33CA-4752-87A5-F47B39FA2CCF}"
EndProject
Project("{FAE04EC0-301F-11D3-BF4B-00C04F79EFBC}") = "ToDoList.Web", "ToDoList.Web\ToDoList.Web.csproj", "{15ED2544-EC42-4DD5-8965-BC12AF80A511}"
EndProject
Global
	GlobalSection(SolutionConfigurationPlatforms) = preSolution
		Debug|Any CPU = Debug|Any CPU
		Release|Any CPU = Release|Any CPU
	EndGlobalSection
	GlobalSection(ProjectConfigurationPlatforms) = postSolution
		{491F3C1B-8BF7-49EB-96AB-24BDEDCC82B4}.Debug|Any CPU.ActiveCfg = Debug|Any CPU
		{491F3C1B-8BF7-49EB-96AB-24BDEDCC82B4}.Debug|Any CPU.Build.0 = Debug|Any CPU
		{491F3C1B-8BF7-49EB-96AB-24BDEDCC82B4}.Release|Any CPU.ActiveCfg = Release|Any CPU
		{491F3C1B-8BF7-49EB-96AB-24BDEDCC82B4}.Release|Any CPU.Build.0 = Release|Any CPU
		{0C62C4D4-E716-4B86-95D9-25925BC9A89D}.Debug|Any CPU.ActiveCfg = Debug|Any CPU
		{0C62C4D4-E716-4B86-95D9-25925BC9A89D}.Debug|Any CPU.Build.0 = Debug|Any CPU
		{0C62C4D4-E716-4B86-95D9-25925BC9A89D}.Release|Any CPU.ActiveCfg = Release|Any CPU
		{0C62C4D4-E716-4B86-95D9-25925BC9A89D}.Release|Any CPU.Build.0 = Release|Any CPU
		{94483A20-33CA-4752-87A5-F47B39FA2CCF}.Debug|Any CPU.ActiveCfg = Debug|Any CPU
		{94483A20-33CA-4752-87A5-F47B39FA2CCF}.Debug|Any CPU.Build.0 = Debug|Any CPU
		{94483A20-33CA-4752-87A5-F47B39FA2CCF}.Release|Any CPU.ActiveCfg = Release|Any CPU
		{94483A20-33CA-4752-87A5-F47B39FA2CCF}.Release|Any CPU.Build.0 = Release|Any CPU
		{15ED2544-EC42-4DD5-8965-BC12AF80A511}.Debug|Any CPU.ActiveCfg = Debug|Any CPU
		{15ED2544-EC42-4DD5-8965-BC12AF80A511}.Debug|Any CPU.Build.0 = Debug|Any CPU
		{15ED2544-EC42-4DD5-8965-BC12AF80A511}.Release|Any CPU.ActiveCfg = Release|Any CPU
		{15ED2544-EC42-4DD5-8965-BC12AF80A511}.Release|Any CPU.Build.0 = Release|Any CPU
	EndGlobalSection
	GlobalSection(SolutionProperties) = preSolution
		HideSolutionNode = FALSE
	EndGlobalSection
	GlobalSection(ExtensibilityGlobals) = postSolution
		SolutionGuid = {EF787D0C-F0B6-4728-83E6-E6A8F2630A2F}
	EndGlobalSection
EndGlobal
